
Microsoft Visual Studio Solution File, Format Version 12.00
# Visual Studio Version 17
VisualStudioVersion = 17.1.32319.34
MinimumVisualStudioVersion = 10.0.40219.1
Project("{9A19103F-16F7-4668-BE54-9A1E7A4F7556}") = "OutreachCli", "OutreachCli\OutreachCli.csproj", "{45105269-F8E2-4E4F-99CF-5CF961C366A1}"
EndProject
Project("{2150E333-8FDC-42A3-9474-1A3956D46DE8}") = "src", "src", "{9F5C8C4F-8238-48F4-90C6-56BFBC2E8823}"
EndProject
Project("{2150E333-8FDC-42A3-9474-1A3956D46DE8}") = "docs", "docs", "{D4567A6B-E87D-46DD-8A0C-DBB56223C131}"
EndProject
Project("{9A19103F-16F7-4668-BE54-9A1E7A4F7556}") = "Outreach.API", "Outreach.API\Outreach.API.csproj", "{DFE1F872-7093-4AB2-A9E7-BDBE0411E7E4}"
EndProject
Project("{2150E333-8FDC-42A3-9474-1A3956D46DE8}") = "test", "test", "{E2492542-2EA0-4DB4-8568-6D4A681CED16}"
EndProject
Project("{2150E333-8FDC-42A3-9474-1A3956D46DE8}") = "Benchmark", "Benchmark", "{AD3D42B0-2811-46AA-A77D-45A594791767}"
EndProject
Project("{2150E333-8FDC-42A3-9474-1A3956D46DE8}") = "Functional", "Functional", "{40FBCE72-05E8-4375-BEF9-508C95FA7908}"
EndProject
Project("{2150E333-8FDC-42A3-9474-1A3956D46DE8}") = "Unit", "Unit", "{05932495-54AC-4274-848B-5363E0AABF5F}"
EndProject
Project("{FAE04EC0-301F-11D3-BF4B-00C04F79EFBC}") = "Outreach.Host", "Outreach.Host\Outreach.Host.csproj", "{C0203DFA-BACE-433B-B895-E9C340201B7D}"
EndProject
Global
	GlobalSection(SolutionConfigurationPlatforms) = preSolution
		Debug|Any CPU = Debug|Any CPU
		Release|Any CPU = Release|Any CPU
	EndGlobalSection
	GlobalSection(ProjectConfigurationPlatforms) = postSolution
		{45105269-F8E2-4E4F-99CF-5CF961C366A1}.Debug|Any CPU.ActiveCfg = Debug|Any CPU
		{45105269-F8E2-4E4F-99CF-5CF961C366A1}.Debug|Any CPU.Build.0 = Debug|Any CPU
		{45105269-F8E2-4E4F-99CF-5CF961C366A1}.Release|Any CPU.ActiveCfg = Release|Any CPU
		{45105269-F8E2-4E4F-99CF-5CF961C366A1}.Release|Any CPU.Build.0 = Release|Any CPU
		{DFE1F872-7093-4AB2-A9E7-BDBE0411E7E4}.Debug|Any CPU.ActiveCfg = Debug|Any CPU
		{DFE1F872-7093-4AB2-A9E7-BDBE0411E7E4}.Debug|Any CPU.Build.0 = Debug|Any CPU
		{DFE1F872-7093-4AB2-A9E7-BDBE0411E7E4}.Release|Any CPU.ActiveCfg = Release|Any CPU
		{DFE1F872-7093-4AB2-A9E7-BDBE0411E7E4}.Release|Any CPU.Build.0 = Release|Any CPU
		{C0203DFA-BACE-433B-B895-E9C340201B7D}.Debug|Any CPU.ActiveCfg = Debug|Any CPU
		{C0203DFA-BACE-433B-B895-E9C340201B7D}.Debug|Any CPU.Build.0 = Debug|Any CPU
		{C0203DFA-BACE-433B-B895-E9C340201B7D}.Release|Any CPU.ActiveCfg = Release|Any CPU
		{C0203DFA-BACE-433B-B895-E9C340201B7D}.Release|Any CPU.Build.0 = Release|Any CPU
	EndGlobalSection
	GlobalSection(SolutionProperties) = preSolution
		HideSolutionNode = FALSE
	EndGlobalSection
	GlobalSection(NestedProjects) = preSolution
		{DFE1F872-7093-4AB2-A9E7-BDBE0411E7E4} = {9F5C8C4F-8238-48F4-90C6-56BFBC2E8823}
		{AD3D42B0-2811-46AA-A77D-45A594791767} = {E2492542-2EA0-4DB4-8568-6D4A681CED16}
		{40FBCE72-05E8-4375-BEF9-508C95FA7908} = {E2492542-2EA0-4DB4-8568-6D4A681CED16}
		{05932495-54AC-4274-848B-5363E0AABF5F} = {E2492542-2EA0-4DB4-8568-6D4A681CED16}
		{C0203DFA-BACE-433B-B895-E9C340201B7D} = {9F5C8C4F-8238-48F4-90C6-56BFBC2E8823}
	EndGlobalSection
	GlobalSection(ExtensibilityGlobals) = postSolution
		SolutionGuid = {D574807C-5408-412D-862D-37AE4E5DDF99}
	EndGlobalSection
EndGlobal
